
Microsoft Visual Studio Solution File, Format Version 12.00
# Visual Studio 2013
VisualStudioVersion = 12.0.30110.0
MinimumVisualStudioVersion = 10.0.40219.1
Project("{FAE04EC0-301F-11D3-BF4B-00C04F79EFBC}") = "BatchLoader", "BatchLoader\BatchLoader.csproj", "{9F1CBD4A-C194-480A-B821-5F47C17188FA}"
EndProject
Project("{FAE04EC0-301F-11D3-BF4B-00C04F79EFBC}") = "LoaderLibrary", "LoaderLibrary\LoaderLibrary.csproj", "{BB349801-3EBA-4309-8F15-E41F921F037C}"
EndProject
Project("{FAE04EC0-301F-11D3-BF4B-00C04F79EFBC}") = "BatchLoader.Test", "BatchLoader.Test\BatchLoader.Test.csproj", "{AD305639-704F-4D2B-95C3-6CB475B69BB1}"
EndProject
Project("{00D1A9C2-B5F0-4AF3-8072-F6C62B433612}") = "DecodersForSQLServerDB", "DecodersForSQLServerDB\DecodersForSQLServerDB.sqlproj", "{D218421A-E365-4773-BBC9-84BB83A8B2BD}"
EndProject
Project("{FAE04EC0-301F-11D3-BF4B-00C04F79EFBC}") = "BinaryCodec", "BinaryCodec\BinaryCodec.csproj", "{8211CD1F-271D-4C58-82B7-25F1FA1832ED}"
EndProject
Project("{FAE04EC0-301F-11D3-BF4B-00C04F79EFBC}") = "BinaryCodec.Test", "BinaryCodec.Test\BinaryCodec.Test.csproj", "{5E69932C-C8C6-4137-94D4-2AAF34A02950}"
EndProject
Project("{FAE04EC0-301F-11D3-BF4B-00C04F79EFBC}") = "FileChunking", "FileChunking\FileChunking.csproj", "{7D5E6C3C-257E-4251-8FC2-1DAEB766AA9B}"
EndProject
Global
	GlobalSection(SolutionConfigurationPlatforms) = preSolution
		Debug|Any CPU = Debug|Any CPU
		Release|Any CPU = Release|Any CPU
	EndGlobalSection
	GlobalSection(ProjectConfigurationPlatforms) = postSolution
		{9F1CBD4A-C194-480A-B821-5F47C17188FA}.Debug|Any CPU.ActiveCfg = Debug|Any CPU
		{9F1CBD4A-C194-480A-B821-5F47C17188FA}.Debug|Any CPU.Build.0 = Debug|Any CPU
		{9F1CBD4A-C194-480A-B821-5F47C17188FA}.Release|Any CPU.ActiveCfg = Release|Any CPU
		{9F1CBD4A-C194-480A-B821-5F47C17188FA}.Release|Any CPU.Build.0 = Release|Any CPU
		{BB349801-3EBA-4309-8F15-E41F921F037C}.Debug|Any CPU.ActiveCfg = Debug|Any CPU
		{BB349801-3EBA-4309-8F15-E41F921F037C}.Debug|Any CPU.Build.0 = Debug|Any CPU
		{BB349801-3EBA-4309-8F15-E41F921F037C}.Release|Any CPU.ActiveCfg = Release|Any CPU
		{BB349801-3EBA-4309-8F15-E41F921F037C}.Release|Any CPU.Build.0 = Release|Any CPU
		{AD305639-704F-4D2B-95C3-6CB475B69BB1}.Debug|Any CPU.ActiveCfg = Debug|Any CPU
		{AD305639-704F-4D2B-95C3-6CB475B69BB1}.Debug|Any CPU.Build.0 = Debug|Any CPU
		{AD305639-704F-4D2B-95C3-6CB475B69BB1}.Release|Any CPU.ActiveCfg = Release|Any CPU
		{AD305639-704F-4D2B-95C3-6CB475B69BB1}.Release|Any CPU.Build.0 = Release|Any CPU
		{D218421A-E365-4773-BBC9-84BB83A8B2BD}.Debug|Any CPU.ActiveCfg = Debug|Any CPU
		{D218421A-E365-4773-BBC9-84BB83A8B2BD}.Debug|Any CPU.Build.0 = Debug|Any CPU
		{D218421A-E365-4773-BBC9-84BB83A8B2BD}.Debug|Any CPU.Deploy.0 = Debug|Any CPU
		{D218421A-E365-4773-BBC9-84BB83A8B2BD}.Release|Any CPU.ActiveCfg = Release|Any CPU
		{D218421A-E365-4773-BBC9-84BB83A8B2BD}.Release|Any CPU.Build.0 = Release|Any CPU
		{D218421A-E365-4773-BBC9-84BB83A8B2BD}.Release|Any CPU.Deploy.0 = Release|Any CPU
		{8211CD1F-271D-4C58-82B7-25F1FA1832ED}.Debug|Any CPU.ActiveCfg = Debug|Any CPU
		{8211CD1F-271D-4C58-82B7-25F1FA1832ED}.Debug|Any CPU.Build.0 = Debug|Any CPU
		{8211CD1F-271D-4C58-82B7-25F1FA1832ED}.Release|Any CPU.ActiveCfg = Release|Any CPU
		{8211CD1F-271D-4C58-82B7-25F1FA1832ED}.Release|Any CPU.Build.0 = Release|Any CPU
		{5E69932C-C8C6-4137-94D4-2AAF34A02950}.Debug|Any CPU.ActiveCfg = Debug|Any CPU
		{5E69932C-C8C6-4137-94D4-2AAF34A02950}.Debug|Any CPU.Build.0 = Debug|Any CPU
		{5E69932C-C8C6-4137-94D4-2AAF34A02950}.Release|Any CPU.ActiveCfg = Release|Any CPU
		{5E69932C-C8C6-4137-94D4-2AAF34A02950}.Release|Any CPU.Build.0 = Release|Any CPU
		{7D5E6C3C-257E-4251-8FC2-1DAEB766AA9B}.Debug|Any CPU.ActiveCfg = Debug|Any CPU
		{7D5E6C3C-257E-4251-8FC2-1DAEB766AA9B}.Debug|Any CPU.Build.0 = Debug|Any CPU
		{7D5E6C3C-257E-4251-8FC2-1DAEB766AA9B}.Release|Any CPU.ActiveCfg = Release|Any CPU
		{7D5E6C3C-257E-4251-8FC2-1DAEB766AA9B}.Release|Any CPU.Build.0 = Release|Any CPU
	EndGlobalSection
	GlobalSection(SolutionProperties) = preSolution
		HideSolutionNode = FALSE
	EndGlobalSection
EndGlobal
